
Microsoft Visual Studio Solution File, Format Version 12.00
# Visual Studio Version 17
VisualStudioVersion = 17.0.31903.59
MinimumVisualStudioVersion = 10.0.40219.1
Project("{2150E333-8FDC-42A3-9474-1A3956D46DE8}") = "src", "src", "{827E0CD3-B72D-47B6-A68D-7590B98EB39B}"
EndProject
Project("{FAE04EC0-301F-11D3-BF4B-00C04F79EFBC}") = "OpenRates.Core", "src\OpenRates.Core\OpenRates.Core.csproj", "{4939A4DC-5694-4441-A021-7A398C0C3698}"
EndProject
Project("{FAE04EC0-301F-11D3-BF4B-00C04F79EFBC}") = "OpenRates.Publisher", "src\OpenRates.Publisher\OpenRates.Publisher.csproj", "{E6100197-5BC6-452B-82D4-88B00F3F420D}"
EndProject
Project("{FAE04EC0-301F-11D3-BF4B-00C04F79EFBC}") = "OpenRates.Client", "src\OpenRates.Client\OpenRates.Client.csproj", "{03E5AA7A-0913-49B7-84B0-3020FBF8B974}"
EndProject
Project("{FAE04EC0-301F-11D3-BF4B-00C04F79EFBC}") = "OpenRates.Tests", "tests\OpenRates.Tests\OpenRates.Tests.csproj", "{BEA2EC00-6C8D-44D7-89CE-EFC379B7C27F}"
EndProject
Global
	GlobalSection(SolutionConfigurationPlatforms) = preSolution
		Debug|Any CPU = Debug|Any CPU
		Debug|x64 = Debug|x64
		Debug|x86 = Debug|x86
		Release|Any CPU = Release|Any CPU
		Release|x64 = Release|x64
		Release|x86 = Release|x86
	EndGlobalSection
	GlobalSection(ProjectConfigurationPlatforms) = postSolution
		{4939A4DC-5694-4441-A021-7A398C0C3698}.Debug|Any CPU.ActiveCfg = Debug|Any CPU
		{4939A4DC-5694-4441-A021-7A398C0C3698}.Debug|Any CPU.Build.0 = Debug|Any CPU
		{4939A4DC-5694-4441-A021-7A398C0C3698}.Debug|x64.ActiveCfg = Debug|Any CPU
		{4939A4DC-5694-4441-A021-7A398C0C3698}.Debug|x64.Build.0 = Debug|Any CPU
		{4939A4DC-5694-4441-A021-7A398C0C3698}.Debug|x86.ActiveCfg = Debug|Any CPU
		{4939A4DC-5694-4441-A021-7A398C0C3698}.Debug|x86.Build.0 = Debug|Any CPU
		{4939A4DC-5694-4441-A021-7A398C0C3698}.Release|Any CPU.ActiveCfg = Release|Any CPU
		{4939A4DC-5694-4441-A021-7A398C0C3698}.Release|Any CPU.Build.0 = Release|Any CPU
		{4939A4DC-5694-4441-A021-7A398C0C3698}.Release|x64.ActiveCfg = Release|Any CPU
		{4939A4DC-5694-4441-A021-7A398C0C3698}.Release|x64.Build.0 = Release|Any CPU
		{4939A4DC-5694-4441-A021-7A398C0C3698}.Release|x86.ActiveCfg = Release|Any CPU
		{4939A4DC-5694-4441-A021-7A398C0C3698}.Release|x86.Build.0 = Release|Any CPU
		{E6100197-5BC6-452B-82D4-88B00F3F420D}.Debug|Any CPU.ActiveCfg = Debug|Any CPU
		{E6100197-5BC6-452B-82D4-88B00F3F420D}.Debug|Any CPU.Build.0 = Debug|Any CPU
		{E6100197-5BC6-452B-82D4-88B00F3F420D}.Debug|x64.ActiveCfg = Debug|Any CPU
		{E6100197-5BC6-452B-82D4-88B00F3F420D}.Debug|x64.Build.0 = Debug|Any CPU
		{E6100197-5BC6-452B-82D4-88B00F3F420D}.Debug|x86.ActiveCfg = Debug|Any CPU
		{E6100197-5BC6-452B-82D4-88B00F3F420D}.Debug|x86.Build.0 = Debug|Any CPU
		{E6100197-5BC6-452B-82D4-88B00F3F420D}.Release|Any CPU.ActiveCfg = Release|Any CPU
		{E6100197-5BC6-452B-82D4-88B00F3F420D}.Release|Any CPU.Build.0 = Release|Any CPU
		{E6100197-5BC6-452B-82D4-88B00F3F420D}.Release|x64.ActiveCfg = Release|Any CPU
		{E6100197-5BC6-452B-82D4-88B00F3F420D}.Release|x64.Build.0 = Release|Any CPU
		{E6100197-5BC6-452B-82D4-88B00F3F420D}.Release|x86.ActiveCfg = Release|Any CPU
		{E6100197-5BC6-452B-82D4-88B00F3F420D}.Release|x86.Build.0 = Release|Any CPU
		{03E5AA7A-0913-49B7-84B0-3020FBF8B974}.Debug|Any CPU.ActiveCfg = Debug|Any CPU
		{03E5AA7A-0913-49B7-84B0-3020FBF8B974}.Debug|Any CPU.Build.0 = Debug|Any CPU
		{03E5AA7A-0913-49B7-84B0-3020FBF8B974}.Debug|x64.ActiveCfg = Debug|Any CPU
		{03E5AA7A-0913-49B7-84B0-3020FBF8B974}.Debug|x64.Build.0 = Debug|Any CPU
		{03E5AA7A-0913-49B7-84B0-3020FBF8B974}.Debug|x86.ActiveCfg = Debug|Any CPU
		{03E5AA7A-0913-49B7-84B0-3020FBF8B974}.Debug|x86.Build.0 = Debug|Any CPU
		{03E5AA7A-0913-49B7-84B0-3020FBF8B974}.Release|Any CPU.ActiveCfg = Release|Any CPU
		{03E5AA7A-0913-49B7-84B0-3020FBF8B974}.Release|Any CPU.Build.0 = Release|Any CPU
		{03E5AA7A-0913-49B7-84B0-3020FBF8B974}.Release|x64.ActiveCfg = Release|Any CPU
		{03E5AA7A-0913-49B7-84B0-3020FBF8B974}.Release|x64.Build.0 = Release|Any CPU
		{03E5AA7A-0913-49B7-84B0-3020FBF8B974}.Release|x86.ActiveCfg = Release|Any CPU
		{03E5AA7A-0913-49B7-84B0-3020FBF8B974}.Release|x86.Build.0 = Release|Any CPU
		{BEA2EC00-6C8D-44D7-89CE-EFC379B7C27F}.Debug|Any CPU.ActiveCfg = Debug|Any CPU
		{BEA2EC00-6C8D-44D7-89CE-EFC379B7C27F}.Debug|Any CPU.Build.0 = Debug|Any CPU
		{BEA2EC00-6C8D-44D7-89CE-EFC379B7C27F}.Debug|x64.ActiveCfg = Debug|Any CPU
		{BEA2EC00-6C8D-44D7-89CE-EFC379B7C27F}.Debug|x64.Build.0 = Debug|Any CPU
		{BEA2EC00-6C8D-44D7-89CE-EFC379B7C27F}.Debug|x86.ActiveCfg = Debug|Any CPU
		{BEA2EC00-6C8D-44D7-89CE-EFC379B7C27F}.Debug|x86.Build.0 = Debug|Any CPU
		{BEA2EC00-6C8D-44D7-89CE-EFC379B7C27F}.Release|Any CPU.ActiveCfg = Release|Any CPU
		{BEA2EC00-6C8D-44D7-89CE-EFC379B7C27F}.Release|Any CPU.Build.0 = Release|Any CPU
		{BEA2EC00-6C8D-44D7-89CE-EFC379B7C27F}.Release|x64.ActiveCfg = Release|Any CPU
		{BEA2EC00-6C8D-44D7-89CE-EFC379B7C27F}.Release|x64.Build.0 = Release|Any CPU
		{BEA2EC00-6C8D-44D7-89CE-EFC379B7C27F}.Release|x86.ActiveCfg = Release|Any CPU
		{BEA2EC00-6C8D-44D7-89CE-EFC379B7C27F}.Release|x86.Build.0 = Release|Any CPU
	EndGlobalSection
	GlobalSection(SolutionProperties) = preSolution
		HideSolutionNode = FALSE
	EndGlobalSection
	GlobalSection(NestedProjects) = preSolution
		{4939A4DC-5694-4441-A021-7A398C0C3698} = {827E0CD3-B72D-47B6-A68D-7590B98EB39B}
		{E6100197-5BC6-452B-82D4-88B00F3F420D} = {827E0CD3-B72D-47B6-A68D-7590B98EB39B}
		{03E5AA7A-0913-49B7-84B0-3020FBF8B974} = {827E0CD3-B72D-47B6-A68D-7590B98EB39B}
		{BEA2EC00-6C8D-44D7-89CE-EFC379B7C27F} = {827E0CD3-B72D-47B6-A68D-7590B98EB39B}
	EndGlobalSection
EndGlobal
